
Microsoft Visual Studio Solution File, Format Version 12.00
# Visual Studio 15
VisualStudioVersion = 15.0.27703.2000
MinimumVisualStudioVersion = 10.0.40219.1
Project("{FAE04EC0-301F-11D3-BF4B-00C04F79EFBC}") = "Xeno.Console", "Xeno.Console\Xeno.Console.csproj", "{C2C3FE24-5D35-4DC0-861A-D4D313EEB600}"
EndProject
Global
	GlobalSection(SolutionConfigurationPlatforms) = preSolution
		Debug|Any CPU = Debug|Any CPU
		Release|Any CPU = Release|Any CPU
	EndGlobalSection
	GlobalSection(ProjectConfigurationPlatforms) = postSolution
		{C2C3FE24-5D35-4DC0-861A-D4D313EEB600}.Debug|Any CPU.ActiveCfg = Debug|Any CPU
		{C2C3FE24-5D35-4DC0-861A-D4D313EEB600}.Debug|Any CPU.Build.0 = Debug|Any CPU
		{C2C3FE24-5D35-4DC0-861A-D4D313EEB600}.Release|Any CPU.ActiveCfg = Release|Any CPU
		{C2C3FE24-5D35-4DC0-861A-D4D313EEB600}.Release|Any CPU.Build.0 = Release|Any CPU
	EndGlobalSection
	GlobalSection(SolutionProperties) = preSolution
		HideSolutionNode = FALSE
	EndGlobalSection
	GlobalSection(ExtensibilityGlobals) = postSolution
		SolutionGuid = {F2934D24-1437-4174-B57F-102C30CC2BD0}
	EndGlobalSection
EndGlobal
